
Microsoft Visual Studio Solution File, Format Version 12.00
# Visual Studio Version 17
VisualStudioVersion = 17.11.35208.52
MinimumVisualStudioVersion = 10.0.40219.1
Project("{FAE04EC0-301F-11D3-BF4B-00C04F79EFBC}") = "Homework Lesson 15(switch calculator)", "Homework Lesson 15(switch calculator).csproj", "{3126BB34-A10E-4456-AED4-C348553EC51C}"
EndProject
Project("{FAE04EC0-301F-11D3-BF4B-00C04F79EFBC}") = "Homework Lesson 15 (if calculator)", "..\Homework Lesson 15 (if calculator)\Homework Lesson 15 (if calculator).csproj", "{C70511E1-44D3-4E87-839E-F88B7379322E}"
EndProject
Project("{FAE04EC0-301F-11D3-BF4B-00C04F79EFBC}") = "Счётчик чётных и нечётных чисел", "..\ConsoleApp2\Счётчик чётных и нечётных чисел.csproj", "{8EC749FF-2BE6-4CCB-B01E-1810DC80D747}"
EndProject
Project("{FAE04EC0-301F-11D3-BF4B-00C04F79EFBC}") = "тестовый полигон", "..\тестовый полигон\тестовый полигон.csproj", "{55E1B475-9683-4F97-933B-4D9FAF99EAA2}"
EndProject
Project("{FAE04EC0-301F-11D3-BF4B-00C04F79EFBC}") = "Треугольники", "..\ConsoleApp3\Треугольники.csproj", "{0F7EEE1B-36D4-46A4-BF9A-66FE6D315370}"
EndProject
Project("{FAE04EC0-301F-11D3-BF4B-00C04F79EFBC}") = "Homework lesson #26", "..\Homework lesson #26\Homework lesson #26.csproj", "{0C3DE904-E251-4B7D-AF22-C35EA43EE6F7}"
EndProject
Global
	GlobalSection(SolutionConfigurationPlatforms) = preSolution
		Debug|Any CPU = Debug|Any CPU
		Release|Any CPU = Release|Any CPU
	EndGlobalSection
	GlobalSection(ProjectConfigurationPlatforms) = postSolution
		{3126BB34-A10E-4456-AED4-C348553EC51C}.Debug|Any CPU.ActiveCfg = Debug|Any CPU
		{3126BB34-A10E-4456-AED4-C348553EC51C}.Debug|Any CPU.Build.0 = Debug|Any CPU
		{3126BB34-A10E-4456-AED4-C348553EC51C}.Release|Any CPU.ActiveCfg = Release|Any CPU
		{3126BB34-A10E-4456-AED4-C348553EC51C}.Release|Any CPU.Build.0 = Release|Any CPU
		{C70511E1-44D3-4E87-839E-F88B7379322E}.Debug|Any CPU.ActiveCfg = Debug|Any CPU
		{C70511E1-44D3-4E87-839E-F88B7379322E}.Debug|Any CPU.Build.0 = Debug|Any CPU
		{C70511E1-44D3-4E87-839E-F88B7379322E}.Release|Any CPU.ActiveCfg = Release|Any CPU
		{C70511E1-44D3-4E87-839E-F88B7379322E}.Release|Any CPU.Build.0 = Release|Any CPU
		{8EC749FF-2BE6-4CCB-B01E-1810DC80D747}.Debug|Any CPU.ActiveCfg = Debug|Any CPU
		{8EC749FF-2BE6-4CCB-B01E-1810DC80D747}.Debug|Any CPU.Build.0 = Debug|Any CPU
		{8EC749FF-2BE6-4CCB-B01E-1810DC80D747}.Release|Any CPU.ActiveCfg = Release|Any CPU
		{8EC749FF-2BE6-4CCB-B01E-1810DC80D747}.Release|Any CPU.Build.0 = Release|Any CPU
		{55E1B475-9683-4F97-933B-4D9FAF99EAA2}.Debug|Any CPU.ActiveCfg = Debug|Any CPU
		{55E1B475-9683-4F97-933B-4D9FAF99EAA2}.Debug|Any CPU.Build.0 = Debug|Any CPU
		{55E1B475-9683-4F97-933B-4D9FAF99EAA2}.Release|Any CPU.ActiveCfg = Release|Any CPU
		{55E1B475-9683-4F97-933B-4D9FAF99EAA2}.Release|Any CPU.Build.0 = Release|Any CPU
		{0F7EEE1B-36D4-46A4-BF9A-66FE6D315370}.Debug|Any CPU.ActiveCfg = Debug|Any CPU
		{0F7EEE1B-36D4-46A4-BF9A-66FE6D315370}.Debug|Any CPU.Build.0 = Debug|Any CPU
		{0F7EEE1B-36D4-46A4-BF9A-66FE6D315370}.Release|Any CPU.ActiveCfg = Release|Any CPU
		{0F7EEE1B-36D4-46A4-BF9A-66FE6D315370}.Release|Any CPU.Build.0 = Release|Any CPU
		{0C3DE904-E251-4B7D-AF22-C35EA43EE6F7}.Debug|Any CPU.ActiveCfg = Debug|Any CPU
		{0C3DE904-E251-4B7D-AF22-C35EA43EE6F7}.Debug|Any CPU.Build.0 = Debug|Any CPU
		{0C3DE904-E251-4B7D-AF22-C35EA43EE6F7}.Release|Any CPU.ActiveCfg = Release|Any CPU
		{0C3DE904-E251-4B7D-AF22-C35EA43EE6F7}.Release|Any CPU.Build.0 = Release|Any CPU
	EndGlobalSection
	GlobalSection(SolutionProperties) = preSolution
		HideSolutionNode = FALSE
	EndGlobalSection
	GlobalSection(ExtensibilityGlobals) = postSolution
		SolutionGuid = {5CE01DD3-0DA4-4C7A-8EBB-37FEA3203013}
	EndGlobalSection
EndGlobal
